
Microsoft Visual Studio Solution File, Format Version 12.00
# Visual Studio Version 16
VisualStudioVersion = 16.0.31702.278
MinimumVisualStudioVersion = 10.0.40219.1
Project("{FAE04EC0-301F-11D3-BF4B-00C04F79EFBC}") = "HolaMundo", "HolaMundo\HolaMundo.csproj", "{CD343F73-8248-494B-A49A-17E60969AB29}"
EndProject
Global
	GlobalSection(SolutionConfigurationPlatforms) = preSolution
		Debug|Any CPU = Debug|Any CPU
		Release|Any CPU = Release|Any CPU
	EndGlobalSection
	GlobalSection(ProjectConfigurationPlatforms) = postSolution
		{CD343F73-8248-494B-A49A-17E60969AB29}.Debug|Any CPU.ActiveCfg = Debug|Any CPU
		{CD343F73-8248-494B-A49A-17E60969AB29}.Debug|Any CPU.Build.0 = Debug|Any CPU
		{CD343F73-8248-494B-A49A-17E60969AB29}.Release|Any CPU.ActiveCfg = Release|Any CPU
		{CD343F73-8248-494B-A49A-17E60969AB29}.Release|Any CPU.Build.0 = Release|Any CPU
	EndGlobalSection
	GlobalSection(SolutionProperties) = preSolution
		HideSolutionNode = FALSE
	EndGlobalSection
	GlobalSection(ExtensibilityGlobals) = postSolution
		SolutionGuid = {89B9CE3B-C004-4F3E-B59A-6A0FCC4E7AA1}
	EndGlobalSection
EndGlobal
