
Microsoft Visual Studio Solution File, Format Version 12.00
# Visual Studio Version 16
VisualStudioVersion = 16.0.31702.278
MinimumVisualStudioVersion = 10.0.40219.1
Project("{FAE04EC0-301F-11D3-BF4B-00C04F79EFBC}") = "7_Formularios", "7_Formularios\7_Formularios.csproj", "{16B15C0A-0527-4840-8842-3AF8E0601303}"
EndProject
Global
	GlobalSection(SolutionConfigurationPlatforms) = preSolution
		Debug|Any CPU = Debug|Any CPU
		Release|Any CPU = Release|Any CPU
	EndGlobalSection
	GlobalSection(ProjectConfigurationPlatforms) = postSolution
		{16B15C0A-0527-4840-8842-3AF8E0601303}.Debug|Any CPU.ActiveCfg = Debug|Any CPU
		{16B15C0A-0527-4840-8842-3AF8E0601303}.Debug|Any CPU.Build.0 = Debug|Any CPU
		{16B15C0A-0527-4840-8842-3AF8E0601303}.Release|Any CPU.ActiveCfg = Release|Any CPU
		{16B15C0A-0527-4840-8842-3AF8E0601303}.Release|Any CPU.Build.0 = Release|Any CPU
	EndGlobalSection
	GlobalSection(SolutionProperties) = preSolution
		HideSolutionNode = FALSE
	EndGlobalSection
	GlobalSection(ExtensibilityGlobals) = postSolution
		SolutionGuid = {60AD7803-1640-407D-80B2-D705C67884BB}
	EndGlobalSection
EndGlobal
