
Microsoft Visual Studio Solution File, Format Version 12.00
# Visual Studio Version 16
VisualStudioVersion = 16.0.31702.278
MinimumVisualStudioVersion = 10.0.40219.1
Project("{FAE04EC0-301F-11D3-BF4B-00C04F79EFBC}") = "2.2.CalculadoraBasica", "2.2.CalculadoraBasica\2.2.CalculadoraBasica.csproj", "{0B4B08B9-BC3D-47B5-8138-753C3B56FF26}"
EndProject
Global
	GlobalSection(SolutionConfigurationPlatforms) = preSolution
		Debug|Any CPU = Debug|Any CPU
		Release|Any CPU = Release|Any CPU
	EndGlobalSection
	GlobalSection(ProjectConfigurationPlatforms) = postSolution
		{0B4B08B9-BC3D-47B5-8138-753C3B56FF26}.Debug|Any CPU.ActiveCfg = Debug|Any CPU
		{0B4B08B9-BC3D-47B5-8138-753C3B56FF26}.Debug|Any CPU.Build.0 = Debug|Any CPU
		{0B4B08B9-BC3D-47B5-8138-753C3B56FF26}.Release|Any CPU.ActiveCfg = Release|Any CPU
		{0B4B08B9-BC3D-47B5-8138-753C3B56FF26}.Release|Any CPU.Build.0 = Release|Any CPU
	EndGlobalSection
	GlobalSection(SolutionProperties) = preSolution
		HideSolutionNode = FALSE
	EndGlobalSection
	GlobalSection(ExtensibilityGlobals) = postSolution
		SolutionGuid = {699FF87D-0817-475D-8A76-0CFFC7A0B662}
	EndGlobalSection
EndGlobal
