
Microsoft Visual Studio Solution File, Format Version 12.00
# Visual Studio Version 16
VisualStudioVersion = 16.0.31702.278
MinimumVisualStudioVersion = 10.0.40219.1
Project("{FAE04EC0-301F-11D3-BF4B-00C04F79EFBC}") = "Peliculas", "Peliculas\Peliculas.csproj", "{41DB64AD-61AE-435D-9532-F5A70FD065FE}"
EndProject
Global
	GlobalSection(SolutionConfigurationPlatforms) = preSolution
		Debug|Any CPU = Debug|Any CPU
		Release|Any CPU = Release|Any CPU
	EndGlobalSection
	GlobalSection(ProjectConfigurationPlatforms) = postSolution
		{41DB64AD-61AE-435D-9532-F5A70FD065FE}.Debug|Any CPU.ActiveCfg = Debug|Any CPU
		{41DB64AD-61AE-435D-9532-F5A70FD065FE}.Debug|Any CPU.Build.0 = Debug|Any CPU
		{41DB64AD-61AE-435D-9532-F5A70FD065FE}.Release|Any CPU.ActiveCfg = Release|Any CPU
		{41DB64AD-61AE-435D-9532-F5A70FD065FE}.Release|Any CPU.Build.0 = Release|Any CPU
	EndGlobalSection
	GlobalSection(SolutionProperties) = preSolution
		HideSolutionNode = FALSE
	EndGlobalSection
	GlobalSection(ExtensibilityGlobals) = postSolution
		SolutionGuid = {70B77063-807A-49C7-949C-F32E7D5F2F99}
	EndGlobalSection
EndGlobal
